
Microsoft Visual Studio Solution File, Format Version 12.00
# Visual Studio Version 17
VisualStudioVersion = 17.11.35219.272
MinimumVisualStudioVersion = 10.0.40219.1
Project("{FAE04EC0-301F-11D3-BF4B-00C04F79EFBC}") = "MyStudentApi", "MyStudentApi\MyStudentApi.csproj", "{F6C11FC4-186F-4262-8336-12C5FAEE9106}"
EndProject
Global
	GlobalSection(SolutionConfigurationPlatforms) = preSolution
		Debug|Any CPU = Debug|Any CPU
		Release|Any CPU = Release|Any CPU
	EndGlobalSection
	GlobalSection(ProjectConfigurationPlatforms) = postSolution
		{F6C11FC4-186F-4262-8336-12C5FAEE9106}.Debug|Any CPU.ActiveCfg = Debug|Any CPU
		{F6C11FC4-186F-4262-8336-12C5FAEE9106}.Debug|Any CPU.Build.0 = Debug|Any CPU
		{F6C11FC4-186F-4262-8336-12C5FAEE9106}.Release|Any CPU.ActiveCfg = Release|Any CPU
		{F6C11FC4-186F-4262-8336-12C5FAEE9106}.Release|Any CPU.Build.0 = Release|Any CPU
	EndGlobalSection
	GlobalSection(SolutionProperties) = preSolution
		HideSolutionNode = FALSE
	EndGlobalSection
	GlobalSection(ExtensibilityGlobals) = postSolution
		SolutionGuid = {11B49FB9-6E9A-43C6-A654-CA7825FEDE14}
	EndGlobalSection
EndGlobal
